{
  "object": {
    "pins": [
      {
        "package": "ASN1Decoder",
        "repositoryURL": "https://github.com/filom/ASN1Decoder",
        "state": {
          "branch": null,
          "revision": "65953a42a0f039f53c73e48fd88c02809f7db607",
          "version": "1.8.0"
        }
      },
      {
        "package": "base45-swift",
        "repositoryURL": "https://github.com/ehn-digital-green-development/base45-swift",
        "state": {
          "branch": "main",
          "revision": "db4ccbe535b91d780a08997708c6abf189e98661",
          "version": null
        }
      },
      {
        "package": "Cryptor",
        "repositoryURL": "https://github.com/Kitura/BlueCryptor.git",
        "state": {
          "branch": null,
          "revision": "ee5880e031da4c609f372cf7472476ab51d5dd19",
          "version": "1.0.200"
        }
      },
      {
        "package": "CryptorECC",
        "repositoryURL": "https://github.com/Kitura/BlueECC.git",
        "state": {
          "branch": null,
          "revision": "baf6ed3fc1a622675f0041b4aff7c02dd1a93818",
          "version": "1.2.200"
        }
      },
      {
        "package": "CryptorRSA",
        "repositoryURL": "https://github.com/Kitura/BlueRSA.git",
        "state": {
          "branch": null,
          "revision": "440f78db26d8bb073f29590f1c7bd31004da09ae",
          "version": "1.0.201"
        }
      },
      {
        "package": "CocoaLumberjack",
        "repositoryURL": "https://github.com/CocoaLumberjack/CocoaLumberjack.git",
        "state": {
          "branch": null,
          "revision": "e518eb6e362df327574ba5e04269cd6d29f40aec",
          "version": "3.7.2"
        }
      },
      {
        "package": "CertLogic",
        "repositoryURL": "https://github.com/BRZ-GmbH/dgc-certlogic-ios.git",
        "state": {
          "branch": "feature/avoid-unnecessary-parsing",
          "revision": "ab5b7f3e10e0a77f96f588698899405eaca42951",
          "version": null
        }
      },
      {
        "package": "Gzip",
        "repositoryURL": "https://github.com/1024jp/GzipSwift",
        "state": {
          "branch": null,
          "revision": "ba0b6cb51cc6202f896e469b87d2889a46b10d1b",
          "version": "5.1.1"
        }
      },
      {
        "package": "jsonlogic",
        "repositoryURL": "https://github.com/BRZ-GmbH/json-logic-swift.git",
        "state": {
          "branch": "feature/avoid-date-parsing-attempts",
          "revision": "877692ea3135e9e5f4ac427836e6b8325a4d6b39",
          "version": null
        }
      },
      {
        "package": "KituraContracts",
        "repositoryURL": "https://github.com/Kitura/KituraContracts.git",
        "state": {
          "branch": null,
          "revision": "8418006e39e2efae9b31ae92721cb597ac29c617",
          "version": "1.2.200"
        }
      },
      {
        "package": "Kronos",
        "repositoryURL": "https://github.com/BRZ-GmbH/Kronos.git",
        "state": {
          "branch": "feature/ipv4-preference",
          "revision": "516a98699098f60d2724012c38df221a18bdc3c1",
          "version": null
        }
      },
      {
        "package": "LoggerAPI",
        "repositoryURL": "https://github.com/Kitura/LoggerAPI.git",
        "state": {
          "branch": null,
          "revision": "e82d34eab3f0b05391082b11ea07d3b70d2f65bb",
          "version": "1.9.200"
        }
      },
      {
        "package": "ScrollingPageControl",
        "repositoryURL": "https://github.com/EmilioPelaez/ScrollingPageControl.git",
        "state": {
          "branch": "master",
          "revision": "76d4833b12baebf7123bb0ff133f7bcbb0b61595",
          "version": null
        }
      },
      {
        "package": "SnapKit",
        "repositoryURL": "https://github.com/SnapKit/SnapKit.git",
        "state": {
          "branch": null,
          "revision": "d458564516e5676af9c70b4f4b2a9178294f1bc6",
          "version": "5.0.1"
        }
      },
      {
        "package": "SwiftJWT",
        "repositoryURL": "https://github.com/Kitura/Swift-JWT.git",
        "state": {
          "branch": null,
          "revision": "2f2fc12ae88660e0760b04d9e6c341517b31ad7b",
          "version": "3.6.200"
        }
      },
      {
        "package": "swift-log",
        "repositoryURL": "https://github.com/apple/swift-log.git",
        "state": {
          "branch": null,
          "revision": "5d66f7ba25daf4f94100e7022febf3c75e37a6c7",
          "version": "1.4.2"
        }
      },
      {
        "package": "SwiftCBOR",
        "repositoryURL": "https://github.com/eu-digital-green-certificates/SwiftCBOR.git",
        "state": {
          "branch": "master",
          "revision": "0209a2d1a30b1b42334c4ad3f8bd221b977b2273",
          "version": null
        }
      },
      {
        "package": "SwiftyJSON",
        "repositoryURL": "https://github.com/SwiftyJSON/SwiftyJSON.git",
        "state": {
          "branch": null,
          "revision": "b3dcd7dbd0d488e1a7077cb33b00f2083e382f07",
          "version": "5.0.1"
        }
      }
    ]
  },
  "version": 1
}
